
Microsoft Visual Studio Solution File, Format Version 10.00
# Visual Studio 2008
Project("{FAE04EC0-301F-11D3-BF4B-00C04F79EFBC}") = "WoWBC-proxy", "WoWBC-proxy.csproj", "{C11D5041-59D8-46AD-982E-55CCDADCAB2D}"
EndProject
Global
	GlobalSection(SolutionConfigurationPlatforms) = preSolution
		Debug|Any CPU = Debug|Any CPU
		Release|Any CPU = Release|Any CPU
	EndGlobalSection
	GlobalSection(ProjectConfigurationPlatforms) = postSolution
		{C11D5041-59D8-46AD-982E-55CCDADCAB2D}.Debug|Any CPU.ActiveCfg = Debug|Any CPU
		{C11D5041-59D8-46AD-982E-55CCDADCAB2D}.Debug|Any CPU.Build.0 = Debug|Any CPU
		{C11D5041-59D8-46AD-982E-55CCDADCAB2D}.Release|Any CPU.ActiveCfg = Release|Any CPU
		{C11D5041-59D8-46AD-982E-55CCDADCAB2D}.Release|Any CPU.Build.0 = Release|Any CPU
	EndGlobalSection
	GlobalSection(SolutionProperties) = preSolution
		HideSolutionNode = FALSE
	EndGlobalSection
EndGlobal
