
Microsoft Visual Studio Solution File, Format Version 10.00
# Visual Studio 2008
Project("{FAE04EC0-301F-11D3-BF4B-00C04F79EFBC}") = "AuthServer", "AuthServer\AuthServer.csproj", "{9E100F1A-E4B0-4649-9F74-D5C42EF1DF23}"
EndProject
Project("{FAE04EC0-301F-11D3-BF4B-00C04F79EFBC}") = "Helper", "..\lib\Helper\Helper.csproj", "{5BEC7A4C-7CB1-4D6B-B0E5-FD1860168494}"
EndProject
Project("{FAE04EC0-301F-11D3-BF4B-00C04F79EFBC}") = "RealmServer", "RealmServer\RealmServer.csproj", "{763DE8C6-1140-44CB-84B9-A7E400CB65BF}"
EndProject
Project("{FAE04EC0-301F-11D3-BF4B-00C04F79EFBC}") = "Tests", "..\tests\Tests\Tests.csproj", "{1B9CF5BD-8660-4754-9A15-B84B11754232}"
EndProject
Project("{2150E333-8FDC-42A3-9474-1A3956D46DE8}") = "Tests", "Tests", "{270659A2-04CD-4B14-A18D-7442536E3FB5}"
EndProject
Project("{FAE04EC0-301F-11D3-BF4B-00C04F79EFBC}") = "Data", "Data\Data.csproj", "{6959839C-CE87-4006-9B2E-84544C5AA1C0}"
EndProject
Project("{FAE04EC0-301F-11D3-BF4B-00C04F79EFBC}") = "CoreBase", "CoreBase\CoreBase.csproj", "{0638B5D2-AA98-4FD3-8F2E-8DEDFB9F5A97}"
EndProject
Global
	GlobalSection(SolutionConfigurationPlatforms) = preSolution
		Debug|Any CPU = Debug|Any CPU
		Release|Any CPU = Release|Any CPU
	EndGlobalSection
	GlobalSection(ProjectConfigurationPlatforms) = postSolution
		{9E100F1A-E4B0-4649-9F74-D5C42EF1DF23}.Debug|Any CPU.ActiveCfg = Debug|Any CPU
		{9E100F1A-E4B0-4649-9F74-D5C42EF1DF23}.Debug|Any CPU.Build.0 = Debug|Any CPU
		{9E100F1A-E4B0-4649-9F74-D5C42EF1DF23}.Release|Any CPU.ActiveCfg = Release|Any CPU
		{9E100F1A-E4B0-4649-9F74-D5C42EF1DF23}.Release|Any CPU.Build.0 = Release|Any CPU
		{5BEC7A4C-7CB1-4D6B-B0E5-FD1860168494}.Debug|Any CPU.ActiveCfg = Debug|Any CPU
		{5BEC7A4C-7CB1-4D6B-B0E5-FD1860168494}.Debug|Any CPU.Build.0 = Debug|Any CPU
		{5BEC7A4C-7CB1-4D6B-B0E5-FD1860168494}.Release|Any CPU.ActiveCfg = Release|Any CPU
		{5BEC7A4C-7CB1-4D6B-B0E5-FD1860168494}.Release|Any CPU.Build.0 = Release|Any CPU
		{763DE8C6-1140-44CB-84B9-A7E400CB65BF}.Debug|Any CPU.ActiveCfg = Debug|Any CPU
		{763DE8C6-1140-44CB-84B9-A7E400CB65BF}.Debug|Any CPU.Build.0 = Debug|Any CPU
		{763DE8C6-1140-44CB-84B9-A7E400CB65BF}.Release|Any CPU.ActiveCfg = Release|Any CPU
		{763DE8C6-1140-44CB-84B9-A7E400CB65BF}.Release|Any CPU.Build.0 = Release|Any CPU
		{1B9CF5BD-8660-4754-9A15-B84B11754232}.Debug|Any CPU.ActiveCfg = Debug|Any CPU
		{1B9CF5BD-8660-4754-9A15-B84B11754232}.Debug|Any CPU.Build.0 = Debug|Any CPU
		{1B9CF5BD-8660-4754-9A15-B84B11754232}.Release|Any CPU.ActiveCfg = Release|Any CPU
		{1B9CF5BD-8660-4754-9A15-B84B11754232}.Release|Any CPU.Build.0 = Release|Any CPU
		{6959839C-CE87-4006-9B2E-84544C5AA1C0}.Debug|Any CPU.ActiveCfg = Debug|Any CPU
		{6959839C-CE87-4006-9B2E-84544C5AA1C0}.Debug|Any CPU.Build.0 = Debug|Any CPU
		{6959839C-CE87-4006-9B2E-84544C5AA1C0}.Release|Any CPU.ActiveCfg = Release|Any CPU
		{6959839C-CE87-4006-9B2E-84544C5AA1C0}.Release|Any CPU.Build.0 = Release|Any CPU
		{0638B5D2-AA98-4FD3-8F2E-8DEDFB9F5A97}.Debug|Any CPU.ActiveCfg = Debug|Any CPU
		{0638B5D2-AA98-4FD3-8F2E-8DEDFB9F5A97}.Debug|Any CPU.Build.0 = Debug|Any CPU
		{0638B5D2-AA98-4FD3-8F2E-8DEDFB9F5A97}.Release|Any CPU.ActiveCfg = Release|Any CPU
		{0638B5D2-AA98-4FD3-8F2E-8DEDFB9F5A97}.Release|Any CPU.Build.0 = Release|Any CPU
	EndGlobalSection
	GlobalSection(SolutionProperties) = preSolution
		HideSolutionNode = FALSE
	EndGlobalSection
	GlobalSection(NestedProjects) = preSolution
		{1B9CF5BD-8660-4754-9A15-B84B11754232} = {270659A2-04CD-4B14-A18D-7442536E3FB5}
	EndGlobalSection
	GlobalSection(SubversionScc) = preSolution
		Svn-Managed = True
		Manager = AnkhSVN - Subversion Support for Visual Studio
	EndGlobalSection
EndGlobal
